PATH
  remote: .
  specs:
    pedump (0.7.4)
      iostruct (>= 0.7.0)
      logger
      zhexdump (>= 0.0.2)

GEM
  remote: https://rubygems.org/
  specs:
    diff-lcs (1.6.2)
    iostruct (0.7.0)
    logger (1.7.0)
    rspec (3.13.2)
      rspec-core (~> 3.13.0)
      rspec-expectations (~> 3.13.0)
      rspec-mocks (~> 3.13.0)
    rspec-core (3.13.6)
      rspec-support (~> 3.13.0)
    rspec-expectations (3.13.5)
      diff-lcs (>= 1.2.0, < 2.0)
      rspec-support (~> 3.13.0)
    rspec-its (2.0.0)
      rspec-core (>= 3.13.0)
      rspec-expectations (>= 3.13.0)
    rspec-mocks (3.13.7)
      diff-lcs (>= 1.2.0, < 2.0)
      rspec-support (~> 3.13.0)
    rspec-support (3.13.6)
    zhexdump (0.3.0)

PLATFORMS
  arm64-darwin-24
  ruby

DEPENDENCIES
  pedump!
  rspec
  rspec-its

BUNDLED WITH
   2.6.9
